{
  "name": "presidencc-slot-deposit-5000-via-dana",
  "version": "0.0.4",
  "lockfileVersion": 2,
  "requires": true,
  "packages": {
    "": {
      "name": "presidencc-slot-deposit-5000-via-dana",
      "version": "0.0.2",
      "license": "MIT",
      "engines": {
        "atom": ">=1.0.0 <2.0.0"
      }
    }
  }
}
